version = 1
revision = 2
requires-python = ">=3.13"

[[package]]
name = "beautifulsoup4"
version = "4.13.4"
source = { registry = "https://pypi.org/simple" }
dependencies = [
    { name = "soupsieve" },
    { name = "typing-extensions" },
]
sdist = { url = "https://files.pythonhosted.org/packages/d8/e4/0c4c39e18fd76d6a628d4dd8da40543d136ce2d1752bd6eeeab0791f4d6b/beautifulsoup4-4.13.4.tar.gz", hash = "sha256:dbb3c4e1ceae6aefebdaf2423247260cd062430a410e38c66f2baa50a8437195", size = 621067, upload-time = "2025-04-15T17:05:13.836Z" }
wheels = [
    { url = "https://files.pythonhosted.org/packages/50/cd/30110dc0ffcf3b131156077b90e9f60ed75711223f306da4db08eff8403b/beautifulsoup4-4.13.4-py3-none-any.whl", hash = "sha256:9bbbb14bfde9d79f38b8cd5f8c7c85f4b8f2523190ebed90e950a8dea4cb1c4b", size = 187285, upload-time = "2025-04-15T17:05:12.221Z" },
]

[[package]]
name = "book-scraper-project"
version = "0.1.0"
source = { virtual = "." }
dependencies = [
    { name = "beautifulsoup4" },
    { name = "pyinputplus" },
    { name = "regex" },
    { name = "requests" },
]

[package.metadata]
requires-dist = [
    { name = "beautifulsoup4", specifier = ">=4.13.4" },
    { name = "pyinputplus", specifier = ">=0.2.12" },
    { name = "regex", specifier = ">=2025.7.31" },
    { name = "requests", specifier = ">=2.32.4" },
]

[[package]]
name = "certifi"
version = "2025.7.14"
source = { registry = "https://pypi.org/simple" }
sdist = { url = "https://files.pythonhosted.org/packages/b3/76/52c535bcebe74590f296d6c77c86dabf761c41980e1347a2422e4aa2ae41/certifi-2025.7.14.tar.gz", hash = "sha256:8ea99dbdfaaf2ba2f9bac77b9249ef62ec5218e7c2b2e903378ed5fccf765995", size = 163981, upload-time = "2025-07-14T03:29:28.449Z" }
wheels = [
    { url = "https://files.pythonhosted.org/packages/4f/52/34c6cf5bb9285074dc3531c437b3919e825d976fde097a7a73f79e726d03/certifi-2025.7.14-py3-none-any.whl", hash = "sha256:6b31f564a415d79ee77df69d757bb49a5bb53bd9f756cbbe24394ffd6fc1f4b2", size = 162722, upload-time = "2025-07-14T03:29:26.863Z" },
]

[[package]]
name = "charset-normalizer"
version = "3.4.2"
source = { registry = "https://pypi.org/simple" }
sdist = { url = "https://files.pythonhosted.org/packages/e4/33/89c2ced2b67d1c2a61c19c6751aa8902d46ce3dacb23600a283619f5a12d/charset_normalizer-3.4.2.tar.gz", hash = "sha256:5baececa9ecba31eff645232d59845c07aa030f0c81ee70184a90d35099a0e63", size = 126367, upload-time = "2025-05-02T08:34:42.01Z" }
wheels = [
    { url = "https://files.pythonhosted.org/packages/ea/12/a93df3366ed32db1d907d7593a94f1fe6293903e3e92967bebd6950ed12c/charset_normalizer-3.4.2-cp313-cp313-macosx_10_13_universal2.whl", hash = "sha256:926ca93accd5d36ccdabd803392ddc3e03e6d4cd1cf17deff3b989ab8e9dbcf0", size = 199622, upload-time = "2025-05-02T08:32:56.363Z" },
    { url = "https://files.pythonhosted.org/packages/04/93/bf204e6f344c39d9937d3c13c8cd5bbfc266472e51fc8c07cb7f64fcd2de/charset_normalizer-3.4.2-cp313-cp313-manylinux_2_17_aarch64.manylinux2014_aarch64.whl", hash = "sha256:eba9904b0f38a143592d9fc0e19e2df0fa2e41c3c3745554761c5f6447eedabf", size = 143435, upload-time = "2025-05-02T08:32:58.551Z" },
    { url = "https://files.pythonhosted.org/packages/22/2a/ea8a2095b0bafa6c5b5a55ffdc2f924455233ee7b91c69b7edfcc9e02284/charset_normalizer-3.4.2-cp313-cp313-manylinux_2_17_ppc64le.manylinux2014_ppc64le.whl", hash = "sha256:3fddb7e2c84ac87ac3a947cb4e66d143ca5863ef48e4a5ecb83bd48619e4634e", size = 153653, upload-time = "2025-05-02T08:33:00.342Z" },
    { url = "https://files.pythonhosted.org/packages/b6/57/1b090ff183d13cef485dfbe272e2fe57622a76694061353c59da52c9a659/charset_normalizer-3.4.2-cp313-cp313-manylinux_2_17_s390x.manylinux2014_s390x.whl", hash = "sha256:98f862da73774290f251b9df8d11161b6cf25b599a66baf087c1ffe340e9bfd1", size = 146231, upload-time = "2025-05-02T08:33:02.081Z" },
    { url = "https://files.pythonhosted.org/packages/e2/28/ffc026b26f441fc67bd21ab7f03b313ab3fe46714a14b516f931abe1a2d8/charset_normalizer-3.4.2-cp313-cp313-manylinux_2_17_x86_64.manylinux2014_x86_64.whl", hash = "sha256:6c9379d65defcab82d07b2a9dfbfc2e95bc8fe0ebb1b176a3190230a3ef0e07c", size = 148243, upload-time = "2025-05-02T08:33:04.063Z" },
    { url = "https://files.pythonhosted.org/packages/c0/0f/9abe9bd191629c33e69e47c6ef45ef99773320e9ad8e9cb08b8ab4a8d4cb/charset_normalizer-3.4.2-cp313-cp313-manylinux_2_5_i686.manylinux1_i686.manylinux_2_17_i686.manylinux2014_i686.whl", hash = "sha256:e635b87f01ebc977342e2697d05b56632f5f879a4f15955dfe8cef2448b51691", size = 150442, upload-time = "2025-05-02T08:33:06.418Z" },
    { url = "https://files.pythonhosted.org/packages/67/7c/a123bbcedca91d5916c056407f89a7f5e8fdfce12ba825d7d6b9954a1a3c/charset_normalizer-3.4.2-cp313-cp313-musllinux_1_2_aarch64.whl", hash = "sha256:1c95a1e2902a8b722868587c0e1184ad5c55631de5afc0eb96bc4b0d738092c0", size = 145147, upload-time = "2025-05-02T08:33:08.183Z" },
    { url = "https://files.pythonhosted.org/packages/ec/fe/1ac556fa4899d967b83e9893788e86b6af4d83e4726511eaaad035e36595/charset_normalizer-3.4.2-cp313-cp313-musllinux_1_2_i686.whl", hash = "sha256:ef8de666d6179b009dce7bcb2ad4c4a779f113f12caf8dc77f0162c29d20490b", size = 153057, upload-time = "2025-05-02T08:33:09.986Z" },
    { url = "https://files.pythonhosted.org/packages/2b/ff/acfc0b0a70b19e3e54febdd5301a98b72fa07635e56f24f60502e954c461/charset_normalizer-3.4.2-cp313-cp313-musllinux_1_2_ppc64le.whl", hash = "sha256:32fc0341d72e0f73f80acb0a2c94216bd704f4f0bce10aedea38f30502b271ff", size = 156454, upload-time = "2025-05-02T08:33:11.814Z" },
    { url = "https://files.pythonhosted.org/packages/92/08/95b458ce9c740d0645feb0e96cea1f5ec946ea9c580a94adfe0b617f3573/charset_normalizer-3.4.2-cp313-cp313-musllinux_1_2_s390x.whl", hash = "sha256:289200a18fa698949d2b39c671c2cc7a24d44096784e76614899a7ccf2574b7b", size = 154174, upload-time = "2025-05-02T08:33:13.707Z" },
    { url = "https://files.pythonhosted.org/packages/78/be/8392efc43487ac051eee6c36d5fbd63032d78f7728cb37aebcc98191f1ff/charset_normalizer-3.4.2-cp313-cp313-musllinux_1_2_x86_64.whl", hash = "sha256:4a476b06fbcf359ad25d34a057b7219281286ae2477cc5ff5e3f70a246971148", size = 149166, upload-time = "2025-05-02T08:33:15.458Z" },
    { url = "https://files.pythonhosted.org/packages/44/96/392abd49b094d30b91d9fbda6a69519e95802250b777841cf3bda8fe136c/charset_normalizer-3.4.2-cp313-cp313-win32.whl", hash = "sha256:aaeeb6a479c7667fbe1099af9617c83aaca22182d6cf8c53966491a0f1b7ffb7", size = 98064, upload-time = "2025-05-02T08:33:17.06Z" },
    { url = "https://files.pythonhosted.org/packages/e9/b0/0200da600134e001d91851ddc797809e2fe0ea72de90e09bec5a2fbdaccb/charset_normalizer-3.4.2-cp313-cp313-win_amd64.whl", hash = "sha256:aa6af9e7d59f9c12b33ae4e9450619cf2488e2bbe9b44030905877f0b2324980", size = 105641, upload-time = "2025-05-02T08:33:18.753Z" },
    { url = "https://files.pythonhosted.org/packages/20/94/c5790835a017658cbfabd07f3bfb549140c3ac458cfc196323996b10095a/charset_normalizer-3.4.2-py3-none-any.whl", hash = "sha256:7f56930ab0abd1c45cd15be65cc741c28b1c9a34876ce8c17a2fa107810c0af0", size = 52626, upload-time = "2025-05-02T08:34:40.053Z" },
]

[[package]]
name = "idna"
version = "3.10"
source = { registry = "https://pypi.org/simple" }
sdist = { url = "https://files.pythonhosted.org/packages/f1/70/7703c29685631f5a7590aa73f1f1d3fa9a380e654b86af429e0934a32f7d/idna-3.10.tar.gz", hash = "sha256:12f65c9b470abda6dc35cf8e63cc574b1c52b11df2c86030af0ac09b01b13ea9", size = 190490, upload-time = "2024-09-15T18:07:39.745Z" }
wheels = [
    { url = "https://files.pythonhosted.org/packages/76/c6/c88e154df9c4e1a2a66ccf0005a88dfb2650c1dffb6f5ce603dfbd452ce3/idna-3.10-py3-none-any.whl", hash = "sha256:946d195a0d259cbba61165e88e65941f16e9b36ea6ddb97f00452bae8b1287d3", size = 70442, upload-time = "2024-09-15T18:07:37.964Z" },
]

[[package]]
name = "pyinputplus"
version = "0.2.12"
source = { registry = "https://pypi.org/simple" }
dependencies = [
    { name = "pysimplevalidate" },
    { name = "stdiomask" },
]
sdist = { url = "https://files.pythonhosted.org/packages/6a/d4/afb45ed88323ef6d3c4cbf48e9c1bac38059a168b8392a56f3b8f9d1d39c/PyInputPlus-0.2.12.tar.gz", hash = "sha256:3a86b03dc6d003fec7dc627ad175cacaaf6e14a6a3b13b34c8fe6f5d01506231", size = 20872, upload-time = "2020-10-11T01:31:20.243Z" }

[[package]]
name = "pysimplevalidate"
version = "0.2.12"
source = { registry = "https://pypi.org/simple" }
sdist = { url = "https://files.pythonhosted.org/packages/0b/54/8fd99436073dbdbba719e08e1b7e5f3f36a8cc9e518612e1b97e4806d2ce/PySimpleValidate-0.2.12.tar.gz", hash = "sha256:645d24bdca17ad4c40658f3aa0bd5c1aa1688ba0c02ba75c5ed2cb3b8abaaa19", size = 22958, upload-time = "2020-07-09T19:58:55.197Z" }

[[package]]
name = "regex"
version = "2025.7.31"
source = { registry = "https://pypi.org/simple" }
sdist = { url = "https://files.pythonhosted.org/packages/a6/36/9995080bbdabd4683dd11ab54edcf4fc0e2e4ce4d3eea8034b49fa5dd6ef/regex-2025.7.31.tar.gz", hash = "sha256:80a1af156ea8670ae63184e5c112b481326ece1879e09447f6fbb49d1b49330b", size = 407354, upload-time = "2025-07-30T00:13:26.283Z" }
wheels = [
    { url = "https://files.pythonhosted.org/packages/b2/5c/5dc5721af93fd86e4442914ef9bc155baf1d98832313c35ac4e895e5db5b/regex-2025.7.31-cp313-cp313-macosx_10_13_universal2.whl", hash = "sha256:ead2cf9d92f90d2fd7c5eb84b383a82154298742011b8f892fdee2f724f76106", size = 490134, upload-time = "2025-07-30T00:12:06.416Z" },
    { url = "https://files.pythonhosted.org/packages/85/40/c40d3ace6622c5851c4d75d7f2d379b7edf52f9ab86607d6ad1005c11f2f/regex-2025.7.31-cp313-cp313-macosx_10_13_x86_64.whl", hash = "sha256:81d865d195f9c94b7e7f043c973a7ee1003b29f6e75caa9125aa5a92cf6b334d", size = 293617, upload-time = "2025-07-30T00:12:08.496Z" },
    { url = "https://files.pythonhosted.org/packages/76/f9/b347e7a5fa976ba2815a08c952363dc064ec32cde1175d40dfb778451bb3/regex-2025.7.31-cp313-cp313-macosx_11_0_arm64.whl", hash = "sha256:3e58b95f62df0300496a2244ac5818312a80a5f786c9727125d62b49deede1b9", size = 290212, upload-time = "2025-07-30T00:12:09.946Z" },
    { url = "https://files.pythonhosted.org/packages/b0/76/cf8d44412bef031314a4076d198c794c0a5806536ae3db0e1b5936dea336/regex-2025.7.31-cp313-cp313-manylinux2014_aarch64.manylinux_2_17_aarch64.manylinux_2_28_aarch64.whl", hash = "sha256:cc2939e3e1837822803afebe38f42aab739e1135ea63ba0fdfe499672b21fc39", size = 801903, upload-time = "2025-07-30T00:12:11.838Z" },
    { url = "https://files.pythonhosted.org/packages/49/d2/21590808aebb0d16cae4fa3bde8c2504da0e1b92ef338e518667fb250203/regex-2025.7.31-cp313-cp313-manylinux2014_ppc64le.manylinux_2_17_ppc64le.manylinux_2_28_ppc64le.whl", hash = "sha256:51211fd9bfe544f7ad543a683bd2546636ce5b55ab65752e8f8ebe477378dfa2", size = 872403, upload-time = "2025-07-30T00:12:13.905Z" },
    { url = "https://files.pythonhosted.org/packages/a7/93/66e8a62bdf85cafb865e72c6b47c6cfb3aa37039e1414a361ef214a1f3fb/regex-2025.7.31-cp313-cp313-manylinux2014_s390x.manylinux_2_17_s390x.manylinux_2_28_s390x.whl", hash = "sha256:ff1359141a378d8fa1ade7ca8a7a94988c830e5e588d232eded0e5900fa953cf", size = 920118, upload-time = "2025-07-30T00:12:15.853Z" },
    { url = "https://files.pythonhosted.org/packages/b9/c1/fec6ca9e248dc9f4b8b0094aa37ee4d4338b1ec243e08508c3f302d7c836/regex-2025.7.31-cp313-cp313-manylinux2014_x86_64.manylinux_2_17_x86_64.manylinux_2_28_x86_64.whl", hash = "sha256:a57aacb1974bd04a5ace8f93c9ab7fa49b868091032b38afd79b2c1ac70da35a", size = 804530, upload-time = "2025-07-30T00:12:17.921Z" },
    { url = "https://files.pythonhosted.org/packages/df/7d/de692eacf4f4c5646f01ccd46dbd6142698e23f111792399e132a301d567/regex-2025.7.31-cp313-cp313-musllinux_1_2_aarch64.whl", hash = "sha256:2784d4afa58a87f5f522037d10cf96c05d3a91ab82b2152a66e8ccea55e703f6", size = 790723, upload-time = "2025-07-30T00:12:20.046Z" },
    { url = "https://files.pythonhosted.org/packages/73/82/ac5a58e038e64418f32a0233c2d238478fb14550d00103b58a3e536c3825/regex-2025.7.31-cp313-cp313-musllinux_1_2_ppc64le.whl", hash = "sha256:339d1c579cea1d525ef2b2fefdc1f108596b8252acca6ef012a51206d3f01ac4", size = 867266, upload-time = "2025-07-30T00:12:21.976Z" },
    { url = "https://files.pythonhosted.org/packages/58/35/e5995aaed1b69242f91a3cc5239fb4e6f000e35eb0a0658e00155dfaf01a/regex-2025.7.31-cp313-cp313-musllinux_1_2_s390x.whl", hash = "sha256:3bb9bf5a0c1c1c353bc5da6cb58db8a12b1ec76a9e8dc8a23ce56d63ee867392", size = 858483, upload-time = "2025-07-30T00:12:24.036Z" },
    { url = "https://files.pythonhosted.org/packages/29/e8/82ce3bffe94c62d49b49bbf0bdeb6a2d7150b840ab081710647e87b9283b/regex-2025.7.31-cp313-cp313-musllinux_1_2_x86_64.whl", hash = "sha256:1a7bedc5b499bd0a5cc05b3407ab0aa09f224fb9cd13c52253ecb1619957a6b4", size = 794348, upload-time = "2025-07-30T00:12:26.039Z" },
    { url = "https://files.pythonhosted.org/packages/f1/de/7b14566dab3158356e373efce1b14880a1db37e0f110caacd6cf83ed181b/regex-2025.7.31-cp313-cp313-win32.whl", hash = "sha256:c8ae328524e7bb67ae12a9e314d935e7bb67eb5135e57196b0faa4ecab3f2999", size = 269091, upload-time = "2025-07-30T00:12:27.721Z" },
    { url = "https://files.pythonhosted.org/packages/51/3f/3ccae0e40a23b01d2d2d5a4a3a603da4ba179e0b761dde3fd000cd5bf368/regex-2025.7.31-cp313-cp313-win_amd64.whl", hash = "sha256:8ab2d9cd1c13e7127194b5cb36ecfb323fec0b80845195842d8e8ac9fb581e1b", size = 279766, upload-time = "2025-07-30T00:12:29.321Z" },
    { url = "https://files.pythonhosted.org/packages/93/19/a9d2364f6c8fa8b9b6ba7e43493152dbbd59572f7df678404081cd76ea34/regex-2025.7.31-cp313-cp313-win_arm64.whl", hash = "sha256:5560b6c9fb428281b472b665e4d046eaaaf37523135cb1ee3dc699f3e82dae7a", size = 272987, upload-time = "2025-07-30T00:12:30.972Z" },
    { url = "https://files.pythonhosted.org/packages/16/70/3c9e73135ba5fb28c32e0311f7b2429ba09a2d386150f2e6c035494971e3/regex-2025.7.31-cp314-cp314-macosx_10_13_universal2.whl", hash = "sha256:45fd783fd91ec849c64ebd5c0498ded966e829b8d2ea44daba2a2c35b6b5f4a8", size = 490156, upload-time = "2025-07-30T00:12:32.514Z" },
    { url = "https://files.pythonhosted.org/packages/3c/e8/55e50fa1c812fcc740e2c576a805cc43456619fe105ccdd43e6f32ca962c/regex-2025.7.31-cp314-cp314-macosx_10_13_x86_64.whl", hash = "sha256:81a193e6138b61976903357fc7a67dd9e256cf98f73bbfb2758abf3b8d396c35", size = 293530, upload-time = "2025-07-30T00:12:34.117Z" },
    { url = "https://files.pythonhosted.org/packages/42/03/bae5af21de5a8814ac363626e1e51b17ccfcdc768bb93ac95d8077612118/regex-2025.7.31-cp314-cp314-macosx_11_0_arm64.whl", hash = "sha256:fccac19e5f1053e4da34ae5a651b938dba12e5f54f04def1cd349b24fd5f28cf", size = 290333, upload-time = "2025-07-30T00:12:35.681Z" },
    { url = "https://files.pythonhosted.org/packages/20/c3/7cd8da9e99dbe847d65a542a91905663d78b845d8dd18cc1b108ca9167b1/regex-2025.7.31-cp314-cp314-manylinux2014_aarch64.manylinux_2_17_aarch64.manylinux_2_28_aarch64.whl", hash = "sha256:7f6755afaed9948dd4dda4d093663fe60e9a8784993b733697551bf6b0921d7c", size = 801941, upload-time = "2025-07-30T00:12:37.588Z" },
    { url = "https://files.pythonhosted.org/packages/67/3a/6faaa434ce25c14f6fdb2e71888635863927b8126ccbcbb4118241b2af06/regex-2025.7.31-cp314-cp314-manylinux2014_ppc64le.manylinux_2_17_ppc64le.manylinux_2_28_ppc64le.whl", hash = "sha256:c7eea6eb0f4c1ff7eee051a6780acc40717be9736bf67873c3c932b7ac5743a2", size = 873207, upload-time = "2025-07-30T00:12:39.546Z" },
    { url = "https://files.pythonhosted.org/packages/92/d2/36cdd69b8b6396abe7377e917e949e632bbc07bb0fd1cb8ac5b9d2f3558a/regex-2025.7.31-cp314-cp314-manylinux2014_s390x.manylinux_2_17_s390x.manylinux_2_28_s390x.whl", hash = "sha256:89358d48fbc33614185c18b3a397b870e388f13d882f379b9a33c970a4945dcc", size = 919666, upload-time = "2025-07-30T00:12:41.245Z" },
    { url = "https://files.pythonhosted.org/packages/97/89/d14b863525c58657f4e5674778b596b86744f07642943de5717662fb284e/regex-2025.7.31-cp314-cp314-manylinux2014_x86_64.manylinux_2_17_x86_64.manylinux_2_28_x86_64.whl", hash = "sha256:8b284b8042d97f4eb9caf4d9423307ee1c9ff9c2abd14c781d44aef070ac7cc9", size = 803975, upload-time = "2025-07-30T00:12:43.248Z" },
    { url = "https://files.pythonhosted.org/packages/59/58/a06fad8b453663792a69ee76fbefdd63d9ffb3633e930e8eeb69f50e6b48/regex-2025.7.31-cp314-cp314-musllinux_1_2_aarch64.whl", hash = "sha256:2348cedab6adee1a7649e2a157d219196044588a58024509def2b8b30c0f63f8", size = 791105, upload-time = "2025-07-30T00:12:44.925Z" },
    { url = "https://files.pythonhosted.org/packages/00/58/70a2c27d3354a5e9d62903164c3015c2df5312e8d6d733d21daa49c553d1/regex-2025.7.31-cp314-cp314-musllinux_1_2_ppc64le.whl", hash = "sha256:833292f5ebfbe4f104e02718f0e2d05d51ac43cdc023a217672119989c4a0be6", size = 867829, upload-time = "2025-07-30T00:12:46.893Z" },
    { url = "https://files.pythonhosted.org/packages/08/da/ea98eb04bdb22a1a7bdc989ecc2eac9ed2da058c072c512765a43d7a2622/regex-2025.7.31-cp314-cp314-musllinux_1_2_s390x.whl", hash = "sha256:74f348e26ff09bb2684c67535f516cec362624566127d9f4158cd7ab5038c1fe", size = 857982, upload-time = "2025-07-30T00:12:48.636Z" },
    { url = "https://files.pythonhosted.org/packages/a9/54/87b6fb8812c4128acc690c98bfe4c1f9738f292586e5dc101270d99fee02/regex-2025.7.31-cp314-cp314-musllinux_1_2_x86_64.whl", hash = "sha256:b2d5523c236594c055e5752e088406dfe3214c4e986abeceaea24967371ad890", size = 793881, upload-time = "2025-07-30T00:12:50.7Z" },
    { url = "https://files.pythonhosted.org/packages/a2/88/9c231044a7578d1d434ed254f43e669031d106aa54a7adace2a8e9f529aa/regex-2025.7.31-cp314-cp314-win32.whl", hash = "sha256:144d7550d13770ab994ef6616cff552ed01c892499eb1df74b6775e9b6f6a571", size = 274477, upload-time = "2025-07-30T00:12:52.742Z" },
    { url = "https://files.pythonhosted.org/packages/09/a4/3a84836ccd5f98ff890e913d4d17ea8d0a81fa890a62dd2659cfb7617a47/regex-2025.7.31-cp314-cp314-win_amd64.whl", hash = "sha256:5792ff4bb2836ca2b041321eada3a1918f8ba05bceac4f6e9f06f0fefa1b8e44", size = 283032, upload-time = "2025-07-30T00:12:54.682Z" },
    { url = "https://files.pythonhosted.org/packages/15/89/c1fa5f4919d86508ccf4955fdc4f4216513aef490dbf4487a1fbe49a8768/regex-2025.7.31-cp314-cp314-win_arm64.whl", hash = "sha256:59b94c02b435d7d5a9621381bf338a36c7efa6d9025a888cc39aa256b2869299", size = 276077, upload-time = "2025-07-30T00:12:56.541Z" },
]

[[package]]
name = "requests"
version = "2.32.4"
source = { registry = "https://pypi.org/simple" }
dependencies = [
    { name = "certifi" },
    { name = "charset-normalizer" },
    { name = "idna" },
    { name = "urllib3" },
]
sdist = { url = "https://files.pythonhosted.org/packages/e1/0a/929373653770d8a0d7ea76c37de6e41f11eb07559b103b1c02cafb3f7cf8/requests-2.32.4.tar.gz", hash = "sha256:27d0316682c8a29834d3264820024b62a36942083d52caf2f14c0591336d3422", size = 135258, upload-time = "2025-06-09T16:43:07.34Z" }
wheels = [
    { url = "https://files.pythonhosted.org/packages/7c/e4/56027c4a6b4ae70ca9de302488c5ca95ad4a39e190093d6c1a8ace08341b/requests-2.32.4-py3-none-any.whl", hash = "sha256:27babd3cda2a6d50b30443204ee89830707d396671944c998b5975b031ac2b2c", size = 64847, upload-time = "2025-06-09T16:43:05.728Z" },
]

[[package]]
name = "soupsieve"
version = "2.7"
source = { registry = "https://pypi.org/simple" }
sdist = { url = "https://files.pythonhosted.org/packages/3f/f4/4a80cd6ef364b2e8b65b15816a843c0980f7a5a2b4dc701fc574952aa19f/soupsieve-2.7.tar.gz", hash = "sha256:ad282f9b6926286d2ead4750552c8a6142bc4c783fd66b0293547c8fe6ae126a", size = 103418, upload-time = "2025-04-20T18:50:08.518Z" }
wheels = [
    { url = "https://files.pythonhosted.org/packages/e7/9c/0e6afc12c269578be5c0c1c9f4b49a8d32770a080260c333ac04cc1c832d/soupsieve-2.7-py3-none-any.whl", hash = "sha256:6e60cc5c1ffaf1cebcc12e8188320b72071e922c2e897f737cadce79ad5d30c4", size = 36677, upload-time = "2025-04-20T18:50:07.196Z" },
]

[[package]]
name = "stdiomask"
version = "0.0.6"
source = { registry = "https://pypi.org/simple" }
sdist = { url = "https://files.pythonhosted.org/packages/47/a2/f72fd263cecb11ed4cc96bd31608359e1df30349c665674e5c35ea9a72d6/stdiomask-0.0.6.tar.gz", hash = "sha256:c1e47069ead9e10bda150a26f7922ca01d2adc503042a9d7acf64877a2b9a3a6", size = 3628, upload-time = "2020-10-11T02:32:50.698Z" }

[[package]]
name = "typing-extensions"
version = "4.14.1"
source = { registry = "https://pypi.org/simple" }
sdist = { url = "https://files.pythonhosted.org/packages/98/5a/da40306b885cc8c09109dc2e1abd358d5684b1425678151cdaed4731c822/typing_extensions-4.14.1.tar.gz", hash = "sha256:38b39f4aeeab64884ce9f74c94263ef78f3c22467c8724005483154c26648d36", size = 107673, upload-time = "2025-07-04T13:28:34.16Z" }
wheels = [
    { url = "https://files.pythonhosted.org/packages/b5/00/d631e67a838026495268c2f6884f3711a15a9a2a96cd244fdaea53b823fb/typing_extensions-4.14.1-py3-none-any.whl", hash = "sha256:d1e1e3b58374dc93031d6eda2420a48ea44a36c2b4766a4fdeb3710755731d76", size = 43906, upload-time = "2025-07-04T13:28:32.743Z" },
]

[[package]]
name = "urllib3"
version = "2.5.0"
source = { registry = "https://pypi.org/simple" }
sdist = { url = "https://files.pythonhosted.org/packages/15/22/9ee70a2574a4f4599c47dd506532914ce044817c7752a79b6a51286319bc/urllib3-2.5.0.tar.gz", hash = "sha256:3fc47733c7e419d4bc3f6b3dc2b4f890bb743906a30d56ba4a5bfa4bbff92760", size = 393185, upload-time = "2025-06-18T14:07:41.644Z" }
wheels = [
    { url = "https://files.pythonhosted.org/packages/a7/c2/fe1e52489ae3122415c51f387e221dd0773709bad6c6cdaa599e8a2c5185/urllib3-2.5.0-py3-none-any.whl", hash = "sha256:e6b01673c0fa6a13e374b50871808eb3bf7046c4b125b216f6bf1cc604cff0dc", size = 129795, upload-time = "2025-06-18T14:07:40.39Z" },
]
